// !$*UTF8*$!
{
	archiveVersion = 1;
	classes = {
	};
	objectVersion = 46;
	objects = {

/* Begin PBXBuildFile section */
		31558CA51AB3A67C00CA182A /* main.m in Sources */ = {isa = PBXBuildFile; fileRef = 31558CA41AB3A67C00CA182A /* main.m */; };
		31558CA81AB3A67C00CA182A /* AppDelegate.m in Sources */ = {isa = PBXBuildFile; fileRef = 31558CA71AB3A67C00CA182A /* AppDelegate.m */; };
		31558CAE1AB3A67C00CA182A /* Main.storyboard in Resources */ = {isa = PBXBuildFile; fileRef = 31558CAC1AB3A67C00CA182A /* Main.storyboard */; };
		31558CB01AB3A67C00CA182A /* Images.xcassets in Resources */ = {isa = PBXBuildFile; fileRef = 31558CAF1AB3A67C00CA182A /* Images.xcassets */; };
		31558CB31AB3A67C00CA182A /* LaunchScreen.xib in Resources */ = {isa = PBXBuildFile; fileRef = 31558CB11AB3A67C00CA182A /* LaunchScreen.xib */; };
		31558CBF1AB3A67D00CA182A /* MMoriIOSTests.m in Sources */ = {isa = PBXBuildFile; fileRef = 31558CBE1AB3A67D00CA182A /* MMoriIOSTests.m */; };
		31558CCA1AB3A85300CA182A /* OpeningViewController.m in Sources */ = {isa = PBXBuildFile; fileRef = 31558CC91AB3A85300CA182A /* OpeningViewController.m */; };
		31558CCD1AB46B8500CA182A /* ResultsViewController.m in Sources */ = {isa = PBXBuildFile; fileRef = 31558CCC1AB46B8500CA182A /* ResultsViewController.m */; };
		31558CD01AB4720700CA182A /* CountryPicker.m in Sources */ = {isa = PBXBuildFile; fileRef = 31558CCF1AB4720700CA182A /* CountryPicker.m */; };
		31558CD21AB4817000CA182A /* CountryPicker.bundle in Resources */ = {isa = PBXBuildFile; fileRef = 31558CD11AB4817000CA182A /* CountryPicker.bundle */; };
		31558CD51AB8C38D00CA182A /* GridView.m in Sources */ = {isa = PBXBuildFile; fileRef = 31558CD41AB8C38D00CA182A /* GridView.m */; };
/* End PBXBuildFile section */

/* Begin PBXContainerItemProxy section */
		31558CB91AB3A67D00CA182A /* PBXContainerItemProxy */ = {
			isa = PBXContainerItemProxy;
			containerPortal = 31558C971AB3A67C00CA182A /* Project object */;
			proxyType = 1;
			remoteGlobalIDString = 31558C9E1AB3A67C00CA182A;
			remoteInfo = MMoriIOS;
		};
/* End PBXContainerItemProxy section */

/* Begin PBXFileReference section */
		31558C9F1AB3A67C00CA182A /* MMoriIOS.app */ = {isa = PBXFileReference; explicitFileType = wrapper.application; includeInIndex = 0; path = MMoriIOS.app; sourceTree = BUILT_PRODUCTS_DIR; };
		31558CA31AB3A67C00CA182A /* Info.plist */ = {isa = PBXFileReference; lastKnownFileType = text.plist.xml; path = Info.plist; sourceTree = "<group>"; };
		31558CA41AB3A67C00CA182A /* main.m */ = {isa = PBXFileReference; lastKnownFileType = sourcecode.c.objc; path = main.m; sourceTree = "<group>"; };
		31558CA61AB3A67C00CA182A /* AppDelegate.h */ = {isa = PBXFileReference; lastKnownFileType = sourcecode.c.h; path = AppDelegate.h; sourceTree = "<group>"; };
		31558CA71AB3A67C00CA182A /* AppDelegate.m */ = {isa = PBXFileReference; lastKnownFileType = sourcecode.c.objc; path = AppDelegate.m; sourceTree = "<group>"; };
		31558CAD1AB3A67C00CA182A /* Base */ = {isa = PBXFileReference; lastKnownFileType = file.storyboard; name = Base; path = Base.lproj/Main.storyboard; sourceTree = "<group>"; };
		31558CAF1AB3A67C00CA182A /* Images.xcassets */ = {isa = PBXFileReference; lastKnownFileType = folder.assetcatalog; path = Images.xcassets; sourceTree = "<group>"; };
		31558CB21AB3A67C00CA182A /* Base */ = {isa = PBXFileReference; lastKnownFileType = file.xib; name = Base; path = Base.lproj/LaunchScreen.xib; sourceTree = "<group>"; };
		31558CB81AB3A67D00CA182A /* MMoriIOSTests.xctest */ = {isa = PBXFileReference; explicitFileType = wrapper.cfbundle; includeInIndex = 0; path = MMoriIOSTests.xctest; sourceTree = BUILT_PRODUCTS_DIR; };
		31558CBD1AB3A67D00CA182A /* Info.plist */ = {isa = PBXFileReference; lastKnownFileType = text.plist.xml; path = Info.plist; sourceTree = "<group>"; };
		31558CBE1AB3A67D00CA182A /* MMoriIOSTests.m */ = {isa = PBXFileReference; lastKnownFileType = sourcecode.c.objc; path = MMoriIOSTests.m; sourceTree = "<group>"; };
		31558CC81AB3A85300CA182A /* OpeningViewController.h */ = {isa = PBXFileReference; fileEncoding = 4; lastKnownFileType = sourcecode.c.h; path = OpeningViewController.h; sourceTree = "<group>"; };
		31558CC91AB3A85300CA182A /* OpeningViewController.m */ = {isa = PBXFileReference; fileEncoding = 4; lastKnownFileType = sourcecode.c.objc; path = OpeningViewController.m; sourceTree = "<group>"; };
		31558CCB1AB46B8500CA182A /* ResultsViewController.h */ = {isa = PBXFileReference; fileEncoding = 4; lastKnownFileType = sourcecode.c.h; path = ResultsViewController.h; sourceTree = "<group>"; };
		31558CCC1AB46B8500CA182A /* ResultsViewController.m */ = {isa = PBXFileReference; fileEncoding = 4; lastKnownFileType = sourcecode.c.objc; path = ResultsViewController.m; sourceTree = "<group>"; };
		31558CCE1AB4720700CA182A /* CountryPicker.h */ = {isa = PBXFileReference; fileEncoding = 4; lastKnownFileType = sourcecode.c.h; path = CountryPicker.h; sourceTree = "<group>"; };
		31558CCF1AB4720700CA182A /* CountryPicker.m */ = {isa = PBXFileReference; fileEncoding = 4; lastKnownFileType = sourcecode.c.objc; path = CountryPicker.m; sourceTree = "<group>"; };
		31558CD11AB4817000CA182A /* CountryPicker.bundle */ = {isa = PBXFileReference; lastKnownFileType = "wrapper.plug-in"; path = CountryPicker.bundle; sourceTree = "<group>"; };
		31558CD31AB8C38D00CA182A /* GridView.h */ = {isa = PBXFileReference; fileEncoding = 4; lastKnownFileType = sourcecode.c.h; path = GridView.h; sourceTree = "<group>"; };
		31558CD41AB8C38D00CA182A /* GridView.m */ = {isa = PBXFileReference; fileEncoding = 4; lastKnownFileType = sourcecode.c.objc; path = GridView.m; sourceTree = "<group>"; };
/* End PBXFileReference section */

/* Begin PBXFrameworksBuildPhase section */
		31558C9C1AB3A67C00CA182A /* Frameworks */ = {
			isa = PBXFrameworksBuildPhase;
			buildActionMask = 2147483647;
			files = (
			);
			runOnlyForDeploymentPostprocessing = 0;
		};
		31558CB51AB3A67D00CA182A /* Frameworks */ = {
			isa = PBXFrameworksBuildPhase;
			buildActionMask = 2147483647;
			files = (
			);
			runOnlyForDeploymentPostprocessing = 0;
		};
/* End PBXFrameworksBuildPhase section */

/* Begin PBXGroup section */
		31558C961AB3A67C00CA182A = {
			isa = PBXGroup;
			children = (
				31558CA11AB3A67C00CA182A /* MMoriIOS */,
				31558CBB1AB3A67D00CA182A /* MMoriIOSTests */,
				31558CA01AB3A67C00CA182A /* Products */,
			);
			sourceTree = "<group>";
		};
		31558CA01AB3A67C00CA182A /* Products */ = {
			isa = PBXGroup;
			children = (
				31558C9F1AB3A67C00CA182A /* MMoriIOS.app */,
				31558CB81AB3A67D00CA182A /* MMoriIOSTests.xctest */,
			);
			name = Products;
			sourceTree = "<group>";
		};
		31558CA11AB3A67C00CA182A /* MMoriIOS */ = {
			isa = PBXGroup;
			children = (
				31558CA61AB3A67C00CA182A /* AppDelegate.h */,
				31558CA71AB3A67C00CA182A /* AppDelegate.m */,
				31558CC81AB3A85300CA182A /* OpeningViewController.h */,
				31558CC91AB3A85300CA182A /* OpeningViewController.m */,
				31558CCB1AB46B8500CA182A /* ResultsViewController.h */,
				31558CCC1AB46B8500CA182A /* ResultsViewController.m */,
				31558CD31AB8C38D00CA182A /* GridView.h */,
				31558CD41AB8C38D00CA182A /* GridView.m */,
				31558CAC1AB3A67C00CA182A /* Main.storyboard */,
				31558CAF1AB3A67C00CA182A /* Images.xcassets */,
				31558CB11AB3A67C00CA182A /* LaunchScreen.xib */,
				31558CA21AB3A67C00CA182A /* Supporting Files */,
			);
			path = MMoriIOS;
			sourceTree = "<group>";
		};
		31558CA21AB3A67C00CA182A /* Supporting Files */ = {
			isa = PBXGroup;
			children = (
				31558CD11AB4817000CA182A /* CountryPicker.bundle */,
				31558CCE1AB4720700CA182A /* CountryPicker.h */,
				31558CCF1AB4720700CA182A /* CountryPicker.m */,
				31558CA31AB3A67C00CA182A /* Info.plist */,
				31558CA41AB3A67C00CA182A /* main.m */,
			);
			name = "Supporting Files";
			sourceTree = "<group>";
		};
		31558CBB1AB3A67D00CA182A /* MMoriIOSTests */ = {
			isa = PBXGroup;
			children = (
				31558CBE1AB3A67D00CA182A /* MMoriIOSTests.m */,
				31558CBC1AB3A67D00CA182A /* Supporting Files */,
			);
			path = MMoriIOSTests;
			sourceTree = "<group>";
		};
		31558CBC1AB3A67D00CA182A /* Supporting Files */ = {
			isa = PBXGroup;
			children = (
				31558CBD1AB3A67D00CA182A /* Info.plist */,
			);
			name = "Supporting Files";
			sourceTree = "<group>";
		};
/* End PBXGroup section */

/* Begin PBXNativeTarget section */
		31558C9E1AB3A67C00CA182A /* MMoriIOS */ = {
			isa = PBXNativeTarget;
			buildConfigurationList = 31558CC21AB3A67D00CA182A /* Build configuration list for PBXNativeTarget "MMoriIOS" */;
			buildPhases = (
				31558C9B1AB3A67C00CA182A /* Sources */,
				31558C9C1AB3A67C00CA182A /* Frameworks */,
				31558C9D1AB3A67C00CA182A /* Resources */,
			);
			buildRules = (
			);
			dependencies = (
			);
			name = MMoriIOS;
			productName = MMoriIOS;
			productReference = 31558C9F1AB3A67C00CA182A /* MMoriIOS.app */;
			productType = "com.apple.product-type.application";
		};
		31558CB71AB3A67D00CA182A /* MMoriIOSTests */ = {
			isa = PBXNativeTarget;
			buildConfigurationList = 31558CC51AB3A67D00CA182A /* Build configuration list for PBXNativeTarget "MMoriIOSTests" */;
			buildPhases = (
				31558CB41AB3A67D00CA182A /* Sources */,
				31558CB51AB3A67D00CA182A /* Frameworks */,
				31558CB61AB3A67D00CA182A /* Resources */,
			);
			buildRules = (
			);
			dependencies = (
				31558CBA1AB3A67D00CA182A /* PBXTargetDependency */,
			);
			name = MMoriIOSTests;
			productName = MMoriIOSTests;
			productReference = 31558CB81AB3A67D00CA182A /* MMoriIOSTests.xctest */;
			productType = "com.apple.product-type.bundle.unit-test";
		};
/* End PBXNativeTarget section */

/* Begin PBXProject section */
		31558C971AB3A67C00CA182A /* Project object */ = {
			isa = PBXProject;
			attributes = {
				LastUpgradeCheck = 0610;
				ORGANIZATIONNAME = JHM;
				TargetAttributes = {
					31558C9E1AB3A67C00CA182A = {
						CreatedOnToolsVersion = 6.1.1;
					};
					31558CB71AB3A67D00CA182A = {
						CreatedOnToolsVersion = 6.1.1;
						TestTargetID = 31558C9E1AB3A67C00CA182A;
					};
				};
			};
			buildConfigurationList = 31558C9A1AB3A67C00CA182A /* Build configuration list for PBXProject "MMoriIOS" */;
			compatibilityVersion = "Xcode 3.2";
			developmentRegion = English;
			hasScannedForEncodings = 0;
			knownRegions = (
				en,
				Base,
			);
			mainGroup = 31558C961AB3A67C00CA182A;
			productRefGroup = 31558CA01AB3A67C00CA182A /* Products */;
			projectDirPath = "";
			projectRoot = "";
			targets = (
				31558C9E1AB3A67C00CA182A /* MMoriIOS */,
				31558CB71AB3A67D00CA182A /* MMoriIOSTests */,
			);
		};
/* End PBXProject section */

/* Begin PBXResourcesBuildPhase section */
		31558C9D1AB3A67C00CA182A /* Resources */ = {
			isa = PBXResourcesBuildPhase;
			buildActionMask = 2147483647;
			files = (
				31558CAE1AB3A67C00CA182A /* Main.storyboard in Resources */,
				31558CB31AB3A67C00CA182A /* LaunchScreen.xib in Resources */,
				31558CD21AB4817000CA182A /* CountryPicker.bundle in Resources */,
				31558CB01AB3A67C00CA182A /* Images.xcassets in Resources */,
			);
			runOnlyForDeploymentPostprocessing = 0;
		};
		31558CB61AB3A67D00CA182A /* Resources */ = {
			isa = PBXResourcesBuildPhase;
			buildActionMask = 2147483647;
			files = (
			);
			runOnlyForDeploymentPostprocessing = 0;
		};
/* End PBXResourcesBuildPhase section */

/* Begin PBXSourcesBuildPhase section */
		31558C9B1AB3A67C00CA182A /* Sources */ = {
			isa = PBXSourcesBuildPhase;
			buildActionMask = 2147483647;
			files = (
				31558CD01AB4720700CA182A /* CountryPicker.m in Sources */,
				31558CA81AB3A67C00CA182A /* AppDelegate.m in Sources */,
				31558CCA1AB3A85300CA182A /* OpeningViewController.m in Sources */,
				31558CA51AB3A67C00CA182A /* main.m in Sources */,
				31558CD51AB8C38D00CA182A /* GridView.m in Sources */,
				31558CCD1AB46B8500CA182A /* ResultsViewController.m in Sources */,
			);
			runOnlyForDeploymentPostprocessing = 0;
		};
		31558CB41AB3A67D00CA182A /* Sources */ = {
			isa = PBXSourcesBuildPhase;
			buildActionMask = 2147483647;
			files = (
				31558CBF1AB3A67D00CA182A /* MMoriIOSTests.m in Sources */,
			);
			runOnlyForDeploymentPostprocessing = 0;
		};
/* End PBXSourcesBuildPhase section */

/* Begin PBXTargetDependency section */
		31558CBA1AB3A67D00CA182A /* PBXTargetDependency */ = {
			isa = PBXTargetDependency;
			target = 31558C9E1AB3A67C00CA182A /* MMoriIOS */;
			targetProxy = 31558CB91AB3A67D00CA182A /* PBXContainerItemProxy */;
		};
/* End PBXTargetDependency section */

/* Begin PBXVariantGroup section */
		31558CAC1AB3A67C00CA182A /* Main.storyboard */ = {
			isa = PBXVariantGroup;
			children = (
				31558CAD1AB3A67C00CA182A /* Base */,
			);
			name = Main.storyboard;
			sourceTree = "<group>";
		};
		31558CB11AB3A67C00CA182A /* LaunchScreen.xib */ = {
			isa = PBXVariantGroup;
			children = (
				31558CB21AB3A67C00CA182A /* Base */,
			);
			name = LaunchScreen.xib;
			sourceTree = "<group>";
		};
/* End PBXVariantGroup section */

/* Begin XCBuildConfiguration section */
		31558CC01AB3A67D00CA182A /* Debug */ = {
			isa = XCBuildConfiguration;
			buildSettings = {
				ALWAYS_SEARCH_USER_PATHS = NO;
				CLANG_CXX_LANGUAGE_STANDARD = "gnu++0x";
				CLANG_CXX_LIBRARY = "libc++";
				CLANG_ENABLE_MODULES = YES;
				CLANG_ENABLE_OBJC_ARC = YES;
				CLANG_WARN_BOOL_CONVERSION = YES;
				CLANG_WARN_CONSTANT_CONVERSION = YES;
				CLANG_WARN_DIRECT_OBJC_ISA_USAGE = YES_ERROR;
				CLANG_WARN_EMPTY_BODY = YES;
				CLANG_WARN_ENUM_CONVERSION = YES;
				CLANG_WARN_INT_CONVERSION = YES;
				CLANG_WARN_OBJC_ROOT_CLASS = YES_ERROR;
				CLANG_WARN_UNREACHABLE_CODE = YES;
				CLANG_WARN__DUPLICATE_METHOD_MATCH = YES;
				"CODE_SIGN_IDENTITY[sdk=iphoneos*]" = "iPhone Developer";
				COPY_PHASE_STRIP = NO;
				ENABLE_STRICT_OBJC_MSGSEND = YES;
				GCC_C_LANGUAGE_STANDARD = gnu99;
				GCC_DYNAMIC_NO_PIC = NO;
				GCC_OPTIMIZATION_LEVEL = 0;
				GCC_PREPROCESSOR_DEFINITIONS = (
					"DEBUG=1",
					"$(inherited)",
				);
				GCC_SYMBOLS_PRIVATE_EXTERN = NO;
				GCC_WARN_64_TO_32_BIT_CONVERSION = YES;
				GCC_WARN_ABOUT_RETURN_TYPE = YES_ERROR;
				GCC_WARN_UNDECLARED_SELECTOR = YES;
				GCC_WARN_UNINITIALIZED_AUTOS = YES_AGGRESSIVE;
				GCC_WARN_UNUSED_FUNCTION = YES;
				GCC_WARN_UNUSED_VARIABLE = YES;
				IPHONEOS_DEPLOYMENT_TARGET = 8.1;
				MTL_ENABLE_DEBUG_INFO = YES;
				ONLY_ACTIVE_ARCH = YES;
				SDKROOT = iphoneos;
			};
			name = Debug;
		};
		31558CC11AB3A67D00CA182A /* Release */ = {
			isa = XCBuildConfiguration;
			buildSettings = {
				ALWAYS_SEARCH_USER_PATHS = NO;
				CLANG_CXX_LANGUAGE_STANDARD = "gnu++0x";
				CLANG_CXX_LIBRARY = "libc++";
				CLANG_ENABLE_MODULES = YES;
				CLANG_ENABLE_OBJC_ARC = YES;
				CLANG_WARN_BOOL_CONVERSION = YES;
				CLANG_WARN_CONSTANT_CONVERSION = YES;
				CLANG_WARN_DIRECT_OBJC_ISA_USAGE = YES_ERROR;
				CLANG_WARN_EMPTY_BODY = YES;
				CLANG_WARN_ENUM_CONVERSION = YES;
				CLANG_WARN_INT_CONVERSION = YES;
				CLANG_WARN_OBJC_ROOT_CLASS = YES_ERROR;
				CLANG_WARN_UNREACHABLE_CODE = YES;
				CLANG_WARN__DUPLICATE_METHOD_MATCH = YES;
				"CODE_SIGN_IDENTITY[sdk=iphoneos*]" = "iPhone Developer";
				COPY_PHASE_STRIP = YES;
				ENABLE_NS_ASSERTIONS = NO;
				ENABLE_STRICT_OBJC_MSGSEND = YES;
				GCC_C_LANGUAGE_STANDARD = gnu99;
				GCC_WARN_64_TO_32_BIT_CONVERSION = YES;
				GCC_WARN_ABOUT_RETURN_TYPE = YES_ERROR;
				GCC_WARN_UNDECLARED_SELECTOR = YES;
				GCC_WARN_UNINITIALIZED_AUTOS = YES_AGGRESSIVE;
				GCC_WARN_UNUSED_FUNCTION = YES;
				GCC_WARN_UNUSED_VARIABLE = YES;
				IPHONEOS_DEPLOYMENT_TARGET = 8.1;
				MTL_ENABLE_DEBUG_INFO = NO;
				SDKROOT = iphoneos;
				VALIDATE_PRODUCT = YES;
			};
			name = Release;
		};
		31558CC31AB3A67D00CA182A /* Debug */ = {
			isa = XCBuildConfiguration;
			buildSettings = {
				ASSETCATALOG_COMPILER_APPICON_NAME = AppIcon;
				INFOPLIST_FILE = MMoriIOS/Info.plist;
				LD_RUNPATH_SEARCH_PATHS = "$(inherited) @executable_path/Frameworks";
				PRODUCT_NAME = "$(TARGET_NAME)";
			};
			name = Debug;
		};
		31558CC41AB3A67D00CA182A /* Release */ = {
			isa = XCBuildConfiguration;
			buildSettings = {
				ASSETCATALOG_COMPILER_APPICON_NAME = AppIcon;
				INFOPLIST_FILE = MMoriIOS/Info.plist;
				LD_RUNPATH_SEARCH_PATHS = "$(inherited) @executable_path/Frameworks";
				PRODUCT_NAME = "$(TARGET_NAME)";
			};
			name = Release;
		};
		31558CC61AB3A67D00CA182A /* Debug */ = {
			isa = XCBuildConfiguration;
			buildSettings = {
				BUNDLE_LOADER = "$(TEST_HOST)";
				FRAMEWORK_SEARCH_PATHS = (
					"$(SDKROOT)/Developer/Library/Frameworks",
					"$(inherited)",
				);
				GCC_PREPROCESSOR_DEFINITIONS = (
					"DEBUG=1",
					"$(inherited)",
				);
				INFOPLIST_FILE = MMoriIOSTests/Info.plist;
				LD_RUNPATH_SEARCH_PATHS = "$(inherited) @executable_path/Frameworks @loader_path/Frameworks";
				PRODUCT_NAME = "$(TARGET_NAME)";
				TEST_HOST = "$(BUILT_PRODUCTS_DIR)/MMoriIOS.app/MMoriIOS";
			};
			name = Debug;
		};
		31558CC71AB3A67D00CA182A /* Release */ = {
			isa = XCBuildConfiguration;
			buildSettings = {
				BUNDLE_LOADER = "$(TEST_HOST)";
				FRAMEWORK_SEARCH_PATHS = (
					"$(SDKROOT)/Developer/Library/Frameworks",
					"$(inherited)",
				);
				INFOPLIST_FILE = MMoriIOSTests/Info.plist;
				LD_RUNPATH_SEARCH_PATHS = "$(inherited) @executable_path/Frameworks @loader_path/Frameworks";
				PRODUCT_NAME = "$(TARGET_NAME)";
				TEST_HOST = "$(BUILT_PRODUCTS_DIR)/MMoriIOS.app/MMoriIOS";
			};
			name = Release;
		};
/* End XCBuildConfiguration section */

/* Begin XCConfigurationList section */
		31558C9A1AB3A67C00CA182A /* Build configuration list for PBXProject "MMoriIOS" */ = {
			isa = XCConfigurationList;
			buildConfigurations = (
				31558CC01AB3A67D00CA182A /* Debug */,
				31558CC11AB3A67D00CA182A /* Release */,
			);
			defaultConfigurationIsVisible = 0;
			defaultConfigurationName = Release;
		};
		31558CC21AB3A67D00CA182A /* Build configuration list for PBXNativeTarget "MMoriIOS" */ = {
			isa = XCConfigurationList;
			buildConfigurations = (
				31558CC31AB3A67D00CA182A /* Debug */,
				31558CC41AB3A67D00CA182A /* Release */,
			);
			defaultConfigurationIsVisible = 0;
		};
		31558CC51AB3A67D00CA182A /* Build configuration list for PBXNativeTarget "MMoriIOSTests" */ = {
			isa = XCConfigurationList;
			buildConfigurations = (
				31558CC61AB3A67D00CA182A /* Debug */,
				31558CC71AB3A67D00CA182A /* Release */,
			);
			defaultConfigurationIsVisible = 0;
		};
/* End XCConfigurationList section */
	};
	rootObject = 31558C971AB3A67C00CA182A /* Project object */;
}
